payload:
## For game unlock
  ## > プロジェクトセカイ カラフルステージ！
  - DOMAIN-SUFFIX,sekai.colorfulpalette.org
   ## > 艦これ （html5+android）
  - DOMAIN-SUFFIX,urbanairship.com
  - IP-CIDR,125.6.189.215/32
  - IP-CIDR,203.104.209.7/32
  ## > うま娘
  - DOMAIN,prd-storage-app-umamusume.akamaized.net
  - DOMAIN,prd-storage-game-umamusume.akamaized.net
  - DOMAIN,prd-storage-umamusume.akamaized.net
  - DOMAIN-SUFFIX,umamusume.jp
  # - DOMAIN,api-umamusume.cygames.jp
  # - DOMAIN-SUFFIX,cygames.jp
  # - DOMAIN-KEYWORD,umamusume
  # ----------GEOSITE cygames or category-games
